
Microsoft Visual Studio Solution File, Format Version 12.00
# Visual Studio Version 17
VisualStudioVersion = 17.14.36511.14
MinimumVisualStudioVersion = 10.0.40219.1
Project("{FAE04EC0-301F-11D3-BF4B-00C04F79EFBC}") = "PatcherPlus.Loader", "Akatsuki.Loader\PatcherPlus.Loader.csproj", "{060C01EE-6621-424E-9D7B-4C1DC8C009C9}"
EndProject
Project("{FAE04EC0-301F-11D3-BF4B-00C04F79EFBC}") = "osu-ui", "osu-ui\osu-ui.csproj", "{CEF4D045-B91E-7876-A98F-555D67FEA8AE}"
EndProject
Project("{FAE04EC0-301F-11D3-BF4B-00C04F79EFBC}") = "osu-seasonal", "osu-seasonal\osu-seasonal.csproj", "{F95412B6-D140-2FB0-A6EF-90385DF8149F}"
EndProject
Global
	GlobalSection(SolutionConfigurationPlatforms) = preSolution
		Debug|Any CPU = Debug|Any CPU
		Release|Any CPU = Release|Any CPU
	EndGlobalSection
	GlobalSection(ProjectConfigurationPlatforms) = postSolution
		{060C01EE-6621-424E-9D7B-4C1DC8C009C9}.Debug|Any CPU.ActiveCfg = Debug|Any CPU
		{060C01EE-6621-424E-9D7B-4C1DC8C009C9}.Debug|Any CPU.Build.0 = Debug|Any CPU
		{060C01EE-6621-424E-9D7B-4C1DC8C009C9}.Release|Any CPU.ActiveCfg = Release|Any CPU
		{060C01EE-6621-424E-9D7B-4C1DC8C009C9}.Release|Any CPU.Build.0 = Release|Any CPU
		{CEF4D045-B91E-7876-A98F-555D67FEA8AE}.Debug|Any CPU.ActiveCfg = Debug|Any CPU
		{CEF4D045-B91E-7876-A98F-555D67FEA8AE}.Debug|Any CPU.Build.0 = Debug|Any CPU
		{CEF4D045-B91E-7876-A98F-555D67FEA8AE}.Release|Any CPU.ActiveCfg = Release|Any CPU
		{CEF4D045-B91E-7876-A98F-555D67FEA8AE}.Release|Any CPU.Build.0 = Release|Any CPU
		{F95412B6-D140-2FB0-A6EF-90385DF8149F}.Debug|Any CPU.ActiveCfg = Debug|Any CPU
		{F95412B6-D140-2FB0-A6EF-90385DF8149F}.Debug|Any CPU.Build.0 = Debug|Any CPU
		{F95412B6-D140-2FB0-A6EF-90385DF8149F}.Release|Any CPU.ActiveCfg = Release|Any CPU
		{F95412B6-D140-2FB0-A6EF-90385DF8149F}.Release|Any CPU.Build.0 = Release|Any CPU
	EndGlobalSection
	GlobalSection(SolutionProperties) = preSolution
		HideSolutionNode = FALSE
	EndGlobalSection
	GlobalSection(ExtensibilityGlobals) = postSolution
		SolutionGuid = {3D8B9E28-95D6-42B6-B5FE-4F7D697AC913}
	EndGlobalSection
EndGlobal
